{
  "name": "Audit-log",
  "version": "0.0.0",
  "lockfileVersion": 1,
  "requires": true,
  "dependencies": {
    "@materializecss/materialize": {
      "version": "1.0.0",
      "resolved": "https://registry.npmjs.org/@materializecss/materialize/-/materialize-1.0.0.tgz",
      "integrity": "sha512-k6oLmBOw5aWzByqJz32WNMXmBclhfLrAa4h2c0znBlPlDdFc87Uy8XLkwMR7DM/H/MpjgPGcomPy6qTRtwwsEg==",
      "dev": true
    }
  }
}
